
Microsoft Visual Studio Solution File, Format Version 12.00
# Visual Studio 15
VisualStudioVersion = 15.0.28307.136
MinimumVisualStudioVersion = 10.0.40219.1
Project("{FAE04EC0-301F-11D3-BF4B-00C04F79EFBC}") = "Gold.IO.Exchange", "Gold.IO.Exchange\Gold.IO.Exchange.csproj", "{8F1018B0-D8D3-4D72-B4A1-72707B26EF14}"
EndProject
Global
	GlobalSection(SolutionConfigurationPlatforms) = preSolution
		Debug|Any CPU = Debug|Any CPU
		Release|Any CPU = Release|Any CPU
	EndGlobalSection
	GlobalSection(ProjectConfigurationPlatforms) = postSolution
		{8F1018B0-D8D3-4D72-B4A1-72707B26EF14}.Debug|Any CPU.ActiveCfg = Debug|Any CPU
		{8F1018B0-D8D3-4D72-B4A1-72707B26EF14}.Debug|Any CPU.Build.0 = Debug|Any CPU
		{8F1018B0-D8D3-4D72-B4A1-72707B26EF14}.Release|Any CPU.ActiveCfg = Release|Any CPU
		{8F1018B0-D8D3-4D72-B4A1-72707B26EF14}.Release|Any CPU.Build.0 = Release|Any CPU
	EndGlobalSection
	GlobalSection(SolutionProperties) = preSolution
		HideSolutionNode = FALSE
	EndGlobalSection
	GlobalSection(ExtensibilityGlobals) = postSolution
		SolutionGuid = {77F1D56D-31A7-4F48-8364-855C227554F3}
	EndGlobalSection
EndGlobal
